# This file is automatically @generated by Cargo.
# It is not intended for manual editing.
version = 4

[[package]]
name = "ccanvas-bindings"
version = "0.1.0"
dependencies = [
 "ccanvas-packet-build",
]

[[package]]
name = "ccanvas-packet-build"
version = "0.1.0"
source = "git+https://github.com/ccanvas/ccanvas-packet-build?rev=81a26e0#81a26e078c0416ba298cdb15b9b4a63e9bcda155"
