# This file is automatically @generated by Cargo.
# It is not intended for manual editing.
version = 3

[[package]]
name = "ccanvas-bindings"
version = "0.1.0"
dependencies = [
 "ccanvas-packet-build",
]

[[package]]
name = "ccanvas-packet-build"
version = "0.1.0"
source = "git+https://github.com/ccanvas/ccanvas-packet-build?rev=68eab15#68eab1536b896bc8ce4beeacdb0570c420f2c21e"
