# This file is automatically @generated by Cargo.
# It is not intended for manual editing.
version = 3

[[package]]
name = "ccanvas-bindings"
version = "0.1.0"
dependencies = [
 "ccanvas-packet-build",
]

[[package]]
name = "ccanvas-packet-build"
version = "0.1.0"
source = "git+https://github.com/ccanvas/ccanvas-packet-build?rev=f4ce106#f4ce1064ea909634b551cb3393fc062f1c98f6b6"
